{
  "name": "@dalkak/kachi-server",
  "version": "0.1.0",
  "lockfileVersion": 1,
  "requires": true,
  "dependencies": {
    "@types/node": {
      "version": "13.9.1",
      "resolved": "https://registry.npmjs.org/@types/node/-/node-13.9.1.tgz",
      "integrity": "sha512-E6M6N0blf/jiZx8Q3nb0vNaswQeEyn0XlupO+xN6DtJ6r6IT4nXrTry7zhIfYvFCl3/8Cu6WIysmUBKiqV0bqQ=="
    },
    "@types/ws": {
      "version": "7.2.2",
      "resolved": "https://registry.npmjs.org/@types/ws/-/ws-7.2.2.tgz",
      "integrity": "sha512-oqnI3DbGCVI9zJ/WHdFo3CUE8jQ8CVQDUIKaDtlTcNeT4zs6UCg9Gvk5QrFx2QPkRszpM6yc8o0p4aGjCsTi+w==",
      "requires": {
        "@types/node": "*"
      }
    },
    "ws": {
      "version": "7.2.1",
      "resolved": "https://registry.npmjs.org/ws/-/ws-7.2.1.tgz",
      "integrity": "sha512-sucePNSafamSKoOqoNfBd8V0StlkzJKL2ZAhGQinCfNQ+oacw+Pk7lcdAElecBF2VkLNZRiIb5Oi1Q5lVUVt2A=="
    }
  }
}
